
Microsoft Visual Studio Solution File, Format Version 12.00
# Visual Studio 2012
Project("{8BC9CEB8-8B4A-11D0-8D11-00A0C91BC942}") = "MKeyboardHaste", "MKeyboardHaste\MKeyboardHaste.vcxproj", "{8AAF9272-5347-4696-B6C5-55CD14B91620}"
EndProject
Global
	GlobalSection(SolutionConfigurationPlatforms) = preSolution
		Debug|Win32 = Debug|Win32
		Release|Win32 = Release|Win32
	EndGlobalSection
	GlobalSection(ProjectConfigurationPlatforms) = postSolution
		{8AAF9272-5347-4696-B6C5-55CD14B91620}.Debug|Win32.ActiveCfg = Debug|Win32
		{8AAF9272-5347-4696-B6C5-55CD14B91620}.Debug|Win32.Build.0 = Debug|Win32
		{8AAF9272-5347-4696-B6C5-55CD14B91620}.Release|Win32.ActiveCfg = Release|Win32
		{8AAF9272-5347-4696-B6C5-55CD14B91620}.Release|Win32.Build.0 = Release|Win32
	EndGlobalSection
	GlobalSection(SolutionProperties) = preSolution
		HideSolutionNode = FALSE
	EndGlobalSection
EndGlobal
